PODS:
  - Capacitor (8.5.2):
    - CapacitorCordova
  - CapacitorApp (8.1.1):
    - Capacitor
  - CapacitorBrowser (8.0.4):
    - Capacitor
  - CapacitorCommunityGenericOauth2 (7.1.0):
    - Capacitor
    - OAuthSwift (= 2.2.0)
  - CapacitorCommunityKeepAwake (8.0.1):
    - Capacitor
  - CapacitorCommunitySqlite (8.1.1):
    - Capacitor
    - SQLCipher
    - ZIPFoundation
  - CapacitorCordova (8.5.2)
  - CapacitorDevice (8.0.3):
    - Capacitor
  - CapacitorFilesystem (8.1.3):
    - Capacitor
    - IONFilesystemLib (~> 1.1.1)
  - CapacitorLocalNotifications (8.3.1):
    - Capacitor
  - CapacitorNetwork (8.0.1):
    - Capacitor
  - CapacitorPreferences (8.0.1):
    - Capacitor
  - CapacitorShare (8.0.2):
    - Capacitor
  - CapacitorSplashScreen (8.0.2):
    - Capacitor
  - IONFilesystemLib (1.1.4)
  - MindlibCapacitorSendIntent (8.0.6):
    - Capacitor
  - OAuthSwift (2.2.0)
  - SQLCipher (4.10.0):
    - SQLCipher/standard (= 4.10.0)
  - SQLCipher/common (4.10.0)
  - SQLCipher/standard (4.10.0):
    - SQLCipher/common
  - ZIPFoundation (0.9.20)

DEPENDENCIES:
  - "Capacitor (from `../../node_modules/@capacitor/ios`)"
  - "CapacitorApp (from `../../node_modules/@capacitor/app`)"
  - "CapacitorBrowser (from `../../node_modules/@capacitor/browser`)"
  - "CapacitorCommunityGenericOauth2 (from `../../node_modules/@capacitor-community/generic-oauth2`)"
  - "CapacitorCommunityKeepAwake (from `../../node_modules/@capacitor-community/keep-awake`)"
  - "CapacitorCommunitySqlite (from `../../node_modules/@capacitor-community/sqlite`)"
  - "CapacitorCordova (from `../../node_modules/@capacitor/ios`)"
  - "CapacitorDevice (from `../../node_modules/@capacitor/device`)"
  - "CapacitorFilesystem (from `../../node_modules/@capacitor/filesystem`)"
  - "CapacitorLocalNotifications (from `../../node_modules/@capacitor/local-notifications`)"
  - "CapacitorNetwork (from `../../node_modules/@capacitor/network`)"
  - "CapacitorPreferences (from `../../node_modules/@capacitor/preferences`)"
  - "CapacitorShare (from `../../node_modules/@capacitor/share`)"
  - "CapacitorSplashScreen (from `../../node_modules/@capacitor/splash-screen`)"
  - "MindlibCapacitorSendIntent (from `../../node_modules/@mindlib-capacitor/send-intent`)"

SPEC REPOS:
  trunk:
    - IONFilesystemLib
    - OAuthSwift
    - SQLCipher
    - ZIPFoundation

EXTERNAL SOURCES:
  Capacitor:
    :path: "../../node_modules/@capacitor/ios"
  CapacitorApp:
    :path: "../../node_modules/@capacitor/app"
  CapacitorBrowser:
    :path: "../../node_modules/@capacitor/browser"
  CapacitorCommunityGenericOauth2:
    :path: "../../node_modules/@capacitor-community/generic-oauth2"
  CapacitorCommunityKeepAwake:
    :path: "../../node_modules/@capacitor-community/keep-awake"
  CapacitorCommunitySqlite:
    :path: "../../node_modules/@capacitor-community/sqlite"
  CapacitorCordova:
    :path: "../../node_modules/@capacitor/ios"
  CapacitorDevice:
    :path: "../../node_modules/@capacitor/device"
  CapacitorFilesystem:
    :path: "../../node_modules/@capacitor/filesystem"
  CapacitorLocalNotifications:
    :path: "../../node_modules/@capacitor/local-notifications"
  CapacitorNetwork:
    :path: "../../node_modules/@capacitor/network"
  CapacitorPreferences:
    :path: "../../node_modules/@capacitor/preferences"
  CapacitorShare:
    :path: "../../node_modules/@capacitor/share"
  CapacitorSplashScreen:
    :path: "../../node_modules/@capacitor/splash-screen"
  MindlibCapacitorSendIntent:
    :path: "../../node_modules/@mindlib-capacitor/send-intent"

SPEC CHECKSUMS:
  Capacitor: 59aea4e8bd98b24b798919b4c55ae90c6ded1b0d
  CapacitorApp: 9fd99482b6536ddf1a54721ce678145fc7fa3418
  CapacitorBrowser: 553fcb154526484a5d12efc38093d3f781cb6a82
  CapacitorCommunityGenericOauth2: 9fa772c355d0a2227934f5a6cef7fa686a4fc99d
  CapacitorCommunityKeepAwake: 4eaeafc83573f2520fac18e136254ef34694f75b
  CapacitorCommunitySqlite: c81d3d8e8081bf1e84a6924cb34295c2488bee29
  CapacitorCordova: 5bec5648cbd09a176ce34ce5e7b6cdabb2c8a327
  CapacitorDevice: e5599fa82274e59220170995826a16095ad20c40
  CapacitorFilesystem: 8ad396fd0d680c15d018577f3d92dc1397f477de
  CapacitorLocalNotifications: ab98bfae3fa8646b1fadd79485ce1be010dea21f
  CapacitorNetwork: 7afc28ed4d9abe1d9801264fa485db32e4420546
  CapacitorPreferences: 0fa33b3affebf12d96358b491ed7c2b39bec3270
  CapacitorShare: fdeee71ebc13dca43967805adf2dea57871c216a
  CapacitorSplashScreen: 120117d1b2264bba31a6e6f998f51e510144dd12
  IONFilesystemLib: e6610c2b260d15e4b9cb9d5e37a87095479b669e
  MindlibCapacitorSendIntent: 52a6928775bb07d92d2518842e73ecaf975f90fe
  OAuthSwift: 75efbb5bd9a4b2b71a37bd7e986bf3f55ddd54c6
  SQLCipher: eb79c64049cb002b4e9fcb30edb7979bf4706dfc
  ZIPFoundation: dfd3d681c4053ff7e2f7350bc4e53b5dba3f5351

PODFILE CHECKSUM: 639b4c3e76ea7102be3f5b729988eb2956b90710

COCOAPODS: 1.16.2
