PODS:
  - ByteowlsCapacitorOauth2 (5.0.0):
    - Capacitor
    - OAuthSwift (= 2.2.0)
  - Capacitor (5.5.1):
    - CapacitorCordova
  - CapacitorApp (5.0.6):
    - Capacitor
  - CapacitorCordova (5.5.1)
  - CapacitorDevice (5.0.6):
    - Capacitor
  - CapacitorFilesystem (5.1.4):
    - Capacitor
  - CapacitorNetwork (5.0.6):
    - Capacitor
  - CapacitorPreferences (5.0.6):
    - Capacitor
  - CapacitorShare (5.0.6):
    - Capacitor
  - CapacitorSplashScreen (5.0.6):
    - Capacitor
  - CordovaPlugins (5.5.1):
    - CapacitorCordova
  - OAuthSwift (2.2.0)
  - SendIntent (0.0.1):
    - Capacitor

DEPENDENCIES:
  - "ByteowlsCapacitorOauth2 (from `../../node_modules/@byteowls/capacitor-oauth2`)"
  - "Capacitor (from `../../node_modules/@capacitor/ios`)"
  - "CapacitorApp (from `../../node_modules/@capacitor/app`)"
  - "CapacitorCordova (from `../../node_modules/@capacitor/ios`)"
  - "CapacitorDevice (from `../../node_modules/@capacitor/device`)"
  - "CapacitorFilesystem (from `../../node_modules/@capacitor/filesystem`)"
  - "CapacitorNetwork (from `../../node_modules/@capacitor/network`)"
  - "CapacitorPreferences (from `../../node_modules/@capacitor/preferences`)"
  - "CapacitorShare (from `../../node_modules/@capacitor/share`)"
  - "CapacitorSplashScreen (from `../../node_modules/@capacitor/splash-screen`)"
  - CordovaPlugins (from `../capacitor-cordova-ios-plugins`)
  - SendIntent (from `../../node_modules/send-intent`)

SPEC REPOS:
  trunk:
    - OAuthSwift

EXTERNAL SOURCES:
  ByteowlsCapacitorOauth2:
    :path: "../../node_modules/@byteowls/capacitor-oauth2"
  Capacitor:
    :path: "../../node_modules/@capacitor/ios"
  CapacitorApp:
    :path: "../../node_modules/@capacitor/app"
  CapacitorCordova:
    :path: "../../node_modules/@capacitor/ios"
  CapacitorDevice:
    :path: "../../node_modules/@capacitor/device"
  CapacitorFilesystem:
    :path: "../../node_modules/@capacitor/filesystem"
  CapacitorNetwork:
    :path: "../../node_modules/@capacitor/network"
  CapacitorPreferences:
    :path: "../../node_modules/@capacitor/preferences"
  CapacitorShare:
    :path: "../../node_modules/@capacitor/share"
  CapacitorSplashScreen:
    :path: "../../node_modules/@capacitor/splash-screen"
  CordovaPlugins:
    :path: "../capacitor-cordova-ios-plugins"
  SendIntent:
    :path: "../../node_modules/send-intent"

SPEC CHECKSUMS:
  ByteowlsCapacitorOauth2: 9e7cdae2bf251463a6ad89493e27fb288bf694d7
  Capacitor: 9da0a2415e3b6098511f8b5ffdb578d91ee79f8f
  CapacitorApp: 024e1b1bea5f883d79f6330d309bc441c88ad04a
  CapacitorCordova: e128cc7688c070ca0bfa439898a5f609da8dbcfe
  CapacitorDevice: 2c968f98a1ec4d22357418c1521e7ddc46c675e6
  CapacitorFilesystem: af704badfbc69f6f8623d9ed313e5490e3723dcb
  CapacitorNetwork: d80b3e79bef6ec37640ee2806c19771f07ff2d0c
  CapacitorPreferences: f03954bcb0ff09c792909e46bff88e3183c16b10
  CapacitorShare: cd41743331cb71d217c029de54b681cbd91e0fcc
  CapacitorSplashScreen: 5fa2ab5e46cf5cc530cf16a51c80c7a986579ccd
  CordovaPlugins: ed4ad4b471e30dae7a9f57ee30aed67e71f69a3d
  OAuthSwift: 75efbb5bd9a4b2b71a37bd7e986bf3f55ddd54c6
  SendIntent: 0a17b6984c4f27e9dfa56513267ba2c044a5a6c8

PODFILE CHECKSUM: c782f610b4a22377261d553bd8de5783a1fee26b

COCOAPODS: 1.12.0
